
Microsoft Visual Studio Solution File, Format Version 12.00
# Visual Studio Version 17
VisualStudioVersion = 17.1.32421.90
MinimumVisualStudioVersion = 10.0.40219.1
Project("{9A19103F-16F7-4668-BE54-9A1E7A4F7556}") = "Huboo.App", "Huboo.App\Huboo.App.csproj", "{1E3C1C80-59E9-4034-A543-AFCA1922698C}"
EndProject
Project("{9A19103F-16F7-4668-BE54-9A1E7A4F7556}") = "Huboo.Test", "Huboo.Test\Huboo.Test.csproj", "{A6A7EFB0-AB04-4F0A-8A1B-061BF30DD6A0}"
EndProject
Global
	GlobalSection(SolutionConfigurationPlatforms) = preSolution
		Debug|Any CPU = Debug|Any CPU
		Release|Any CPU = Release|Any CPU
	EndGlobalSection
	GlobalSection(ProjectConfigurationPlatforms) = postSolution
		{1E3C1C80-59E9-4034-A543-AFCA1922698C}.Debug|Any CPU.ActiveCfg = Debug|Any CPU
		{1E3C1C80-59E9-4034-A543-AFCA1922698C}.Debug|Any CPU.Build.0 = Debug|Any CPU
		{1E3C1C80-59E9-4034-A543-AFCA1922698C}.Release|Any CPU.ActiveCfg = Release|Any CPU
		{1E3C1C80-59E9-4034-A543-AFCA1922698C}.Release|Any CPU.Build.0 = Release|Any CPU
		{A6A7EFB0-AB04-4F0A-8A1B-061BF30DD6A0}.Debug|Any CPU.ActiveCfg = Debug|Any CPU
		{A6A7EFB0-AB04-4F0A-8A1B-061BF30DD6A0}.Debug|Any CPU.Build.0 = Debug|Any CPU
		{A6A7EFB0-AB04-4F0A-8A1B-061BF30DD6A0}.Release|Any CPU.ActiveCfg = Release|Any CPU
		{A6A7EFB0-AB04-4F0A-8A1B-061BF30DD6A0}.Release|Any CPU.Build.0 = Release|Any CPU
	EndGlobalSection
	GlobalSection(SolutionProperties) = preSolution
		HideSolutionNode = FALSE
	EndGlobalSection
	GlobalSection(ExtensibilityGlobals) = postSolution
		SolutionGuid = {DBE63762-3B30-43E8-92ED-A53B8A4EA5F4}
	EndGlobalSection
EndGlobal
